{
  "lockfileVersion": 1,
  "configVersion": 1,
  "workspaces": {
    "": {
      "name": "omp-plugins",
      "dependencies": {
        "superpowers": "https://github.com/obra/superpowers",
      },
    },
  },
  "packages": {
    "superpowers": ["superpowers@github:obra/superpowers#b36e082", {}, "obra-superpowers-b36e082", "sha512-06fzocF7rvYuGOPTl0pDOnfl97MM1NlOwMu1WN31yaoZ799cUEPX9gjiYwY6NQQeEmnVaALg0d2qqQ7P1B5Y0g=="],
  }
}
